
Microsoft Visual Studio Solution File, Format Version 12.00
Project("{2150E333-8FDC-42A3-9474-1A3956D46DE8}") = "APIs", "APIs", "{9EAFDC88-CBFF-48C9-A2A3-6FB210A84560}"
EndProject
Project("{2150E333-8FDC-42A3-9474-1A3956D46DE8}") = "Data", "Data", "{A8325D38-A06F-4141-8F26-AE203F7A883D}"
EndProject
Project("{2150E333-8FDC-42A3-9474-1A3956D46DE8}") = "Domain", "Domain", "{7E7D4775-5CF9-406F-8069-8C78FFE5149A}"
EndProject
Project("{2150E333-8FDC-42A3-9474-1A3956D46DE8}") = "Tests", "Tests", "{DBB37FE8-2464-44A5-88DA-6F58D0D5B88F}"
EndProject
Project("{FAE04EC0-301F-11D3-BF4B-00C04F79EFBC}") = "Chinook.APIEndpoints", "Chinook.APIEndpoints\Chinook.APIEndpoints.csproj", "{00B92AAD-1185-4FE6-B79B-B8C8EED17816}"
EndProject
Project("{FAE04EC0-301F-11D3-BF4B-00C04F79EFBC}") = "Chinook.DDDAPI", "Chinook.DDDAPI\Chinook.DDDAPI.csproj", "{103FE42E-8111-4C2D-AA68-0074A8649F48}"
EndProject
Project("{FAE04EC0-301F-11D3-BF4B-00C04F79EFBC}") = "Chinook.FastEndPoints", "Chinook.FastEndPoints\Chinook.FastEndPoints.csproj", "{4DE6C6E8-AE7C-4BC4-85A4-C538F3972314}"
EndProject
Project("{FAE04EC0-301F-11D3-BF4B-00C04F79EFBC}") = "Chinook.FluentMinAPI", "Chinook.FluentMinAPI\Chinook.FluentMinAPI.csproj", "{B64D16B2-09DC-492F-8450-4541238F7EDE}"
EndProject
Project("{FAE04EC0-301F-11D3-BF4B-00C04F79EFBC}") = "Chinook.GraphQL", "Chinook.GraphQL\Chinook.GraphQL.csproj", "{C833F730-9C68-4A78-A707-7BF2D7905988}"
EndProject
Project("{FAE04EC0-301F-11D3-BF4B-00C04F79EFBC}") = "Chinook.gRPC", "Chinook.gRPC\Chinook.gRPC.csproj", "{30FAC661-FA1D-41F1-B158-45FBF51CFF5B}"
EndProject
Project("{FAE04EC0-301F-11D3-BF4B-00C04F79EFBC}") = "Chinook.MinAPI", "Chinook.MinAPI\Chinook.MinAPI.csproj", "{9743DA84-529E-44A7-AC12-7F93273E01CC}"
EndProject
Project("{FAE04EC0-301F-11D3-BF4B-00C04F79EFBC}") = "Chinook.OData", "Chinook.OData\Chinook.OData.csproj", "{7F1BC529-39DD-40A2-BBCD-F7357DDDBB76}"
EndProject
Project("{FAE04EC0-301F-11D3-BF4B-00C04F79EFBC}") = "Chinook.WebAPI", "Chinook.WebAPI\Chinook.WebAPI.csproj", "{E9E4FEAB-F362-45AB-8A16-FB58753140E4}"
EndProject
Project("{FAE04EC0-301F-11D3-BF4B-00C04F79EFBC}") = "Chinook.DapperData", "Chinook.DapperData\Chinook.DapperData.csproj", "{E9AD393A-8EB6-4494-9687-473E3E5559B3}"
EndProject
Project("{FAE04EC0-301F-11D3-BF4B-00C04F79EFBC}") = "Chinook.EFCoreCmpQryData", "Chinook.EFCoreCmpQryData\Chinook.EFCoreCmpQryData.csproj", "{24B5F986-22EE-494F-8402-D9EB73C8FEC4}"
EndProject
Project("{FAE04EC0-301F-11D3-BF4B-00C04F79EFBC}") = "Chinook.EFCoreData", "Chinook.EFCoreData\Chinook.EFCoreData.csproj", "{B6EB1DAD-65DA-4A70-9503-4F216EEB534B}"
EndProject
Project("{FAE04EC0-301F-11D3-BF4B-00C04F79EFBC}") = "Chinook.SQLConnData", "Chinook.SQLConnData\Chinook.SQLConnData.csproj", "{D8FDA76E-36A5-4A32-9000-8BE57BE8A9B0}"
EndProject
Project("{FAE04EC0-301F-11D3-BF4B-00C04F79EFBC}") = "Chinook.SQLJsonData", "Chinook.SQLJsonData\Chinook.SQLJsonData.csproj", "{756DF0EB-D422-467A-B870-99BA9FB1839A}"
EndProject
Project("{FAE04EC0-301F-11D3-BF4B-00C04F79EFBC}") = "Chinook.Domain", "Chinook.Domain\Chinook.Domain.csproj", "{2483A266-EB60-47C9-AD35-A927A887FC75}"
EndProject
Project("{FAE04EC0-301F-11D3-BF4B-00C04F79EFBC}") = "Chinook.IntegrationTests", "Chinook.IntegrationTests\Chinook.IntegrationTests.csproj", "{547D1CE5-040E-4D4B-BF85-9BE7AE0D16E7}"
EndProject
Project("{FAE04EC0-301F-11D3-BF4B-00C04F79EFBC}") = "Chinook.UnitTests", "Chinook.UnitTests\Chinook.UnitTests.csproj", "{9DC0260B-EB85-497F-89F0-71D1A871806A}"
EndProject
Global
	GlobalSection(SolutionConfigurationPlatforms) = preSolution
		Debug|Any CPU = Debug|Any CPU
		Release|Any CPU = Release|Any CPU
	EndGlobalSection
	GlobalSection(NestedProjects) = preSolution
		{00B92AAD-1185-4FE6-B79B-B8C8EED17816} = {9EAFDC88-CBFF-48C9-A2A3-6FB210A84560}
		{103FE42E-8111-4C2D-AA68-0074A8649F48} = {9EAFDC88-CBFF-48C9-A2A3-6FB210A84560}
		{4DE6C6E8-AE7C-4BC4-85A4-C538F3972314} = {9EAFDC88-CBFF-48C9-A2A3-6FB210A84560}
		{B64D16B2-09DC-492F-8450-4541238F7EDE} = {9EAFDC88-CBFF-48C9-A2A3-6FB210A84560}
		{C833F730-9C68-4A78-A707-7BF2D7905988} = {9EAFDC88-CBFF-48C9-A2A3-6FB210A84560}
		{30FAC661-FA1D-41F1-B158-45FBF51CFF5B} = {9EAFDC88-CBFF-48C9-A2A3-6FB210A84560}
		{9743DA84-529E-44A7-AC12-7F93273E01CC} = {9EAFDC88-CBFF-48C9-A2A3-6FB210A84560}
		{7F1BC529-39DD-40A2-BBCD-F7357DDDBB76} = {9EAFDC88-CBFF-48C9-A2A3-6FB210A84560}
		{E9E4FEAB-F362-45AB-8A16-FB58753140E4} = {9EAFDC88-CBFF-48C9-A2A3-6FB210A84560}
		{E9AD393A-8EB6-4494-9687-473E3E5559B3} = {A8325D38-A06F-4141-8F26-AE203F7A883D}
		{24B5F986-22EE-494F-8402-D9EB73C8FEC4} = {A8325D38-A06F-4141-8F26-AE203F7A883D}
		{B6EB1DAD-65DA-4A70-9503-4F216EEB534B} = {A8325D38-A06F-4141-8F26-AE203F7A883D}
		{D8FDA76E-36A5-4A32-9000-8BE57BE8A9B0} = {A8325D38-A06F-4141-8F26-AE203F7A883D}
		{756DF0EB-D422-467A-B870-99BA9FB1839A} = {A8325D38-A06F-4141-8F26-AE203F7A883D}
		{2483A266-EB60-47C9-AD35-A927A887FC75} = {7E7D4775-5CF9-406F-8069-8C78FFE5149A}
		{547D1CE5-040E-4D4B-BF85-9BE7AE0D16E7} = {DBB37FE8-2464-44A5-88DA-6F58D0D5B88F}
		{9DC0260B-EB85-497F-89F0-71D1A871806A} = {DBB37FE8-2464-44A5-88DA-6F58D0D5B88F}
	EndGlobalSection
	GlobalSection(ProjectConfigurationPlatforms) = postSolution
		{00B92AAD-1185-4FE6-B79B-B8C8EED17816}.Debug|Any CPU.ActiveCfg = Debug|Any CPU
		{00B92AAD-1185-4FE6-B79B-B8C8EED17816}.Debug|Any CPU.Build.0 = Debug|Any CPU
		{00B92AAD-1185-4FE6-B79B-B8C8EED17816}.Release|Any CPU.ActiveCfg = Release|Any CPU
		{00B92AAD-1185-4FE6-B79B-B8C8EED17816}.Release|Any CPU.Build.0 = Release|Any CPU
		{103FE42E-8111-4C2D-AA68-0074A8649F48}.Debug|Any CPU.ActiveCfg = Debug|Any CPU
		{103FE42E-8111-4C2D-AA68-0074A8649F48}.Debug|Any CPU.Build.0 = Debug|Any CPU
		{103FE42E-8111-4C2D-AA68-0074A8649F48}.Release|Any CPU.ActiveCfg = Release|Any CPU
		{103FE42E-8111-4C2D-AA68-0074A8649F48}.Release|Any CPU.Build.0 = Release|Any CPU
		{4DE6C6E8-AE7C-4BC4-85A4-C538F3972314}.Debug|Any CPU.ActiveCfg = Debug|Any CPU
		{4DE6C6E8-AE7C-4BC4-85A4-C538F3972314}.Debug|Any CPU.Build.0 = Debug|Any CPU
		{4DE6C6E8-AE7C-4BC4-85A4-C538F3972314}.Release|Any CPU.ActiveCfg = Release|Any CPU
		{4DE6C6E8-AE7C-4BC4-85A4-C538F3972314}.Release|Any CPU.Build.0 = Release|Any CPU
		{B64D16B2-09DC-492F-8450-4541238F7EDE}.Debug|Any CPU.ActiveCfg = Debug|Any CPU
		{B64D16B2-09DC-492F-8450-4541238F7EDE}.Debug|Any CPU.Build.0 = Debug|Any CPU
		{B64D16B2-09DC-492F-8450-4541238F7EDE}.Release|Any CPU.ActiveCfg = Release|Any CPU
		{B64D16B2-09DC-492F-8450-4541238F7EDE}.Release|Any CPU.Build.0 = Release|Any CPU
		{C833F730-9C68-4A78-A707-7BF2D7905988}.Debug|Any CPU.ActiveCfg = Debug|Any CPU
		{C833F730-9C68-4A78-A707-7BF2D7905988}.Debug|Any CPU.Build.0 = Debug|Any CPU
		{C833F730-9C68-4A78-A707-7BF2D7905988}.Release|Any CPU.ActiveCfg = Release|Any CPU
		{C833F730-9C68-4A78-A707-7BF2D7905988}.Release|Any CPU.Build.0 = Release|Any CPU
		{30FAC661-FA1D-41F1-B158-45FBF51CFF5B}.Debug|Any CPU.ActiveCfg = Debug|Any CPU
		{30FAC661-FA1D-41F1-B158-45FBF51CFF5B}.Debug|Any CPU.Build.0 = Debug|Any CPU
		{30FAC661-FA1D-41F1-B158-45FBF51CFF5B}.Release|Any CPU.ActiveCfg = Release|Any CPU
		{30FAC661-FA1D-41F1-B158-45FBF51CFF5B}.Release|Any CPU.Build.0 = Release|Any CPU
		{9743DA84-529E-44A7-AC12-7F93273E01CC}.Debug|Any CPU.ActiveCfg = Debug|Any CPU
		{9743DA84-529E-44A7-AC12-7F93273E01CC}.Debug|Any CPU.Build.0 = Debug|Any CPU
		{9743DA84-529E-44A7-AC12-7F93273E01CC}.Release|Any CPU.ActiveCfg = Release|Any CPU
		{9743DA84-529E-44A7-AC12-7F93273E01CC}.Release|Any CPU.Build.0 = Release|Any CPU
		{7F1BC529-39DD-40A2-BBCD-F7357DDDBB76}.Debug|Any CPU.ActiveCfg = Debug|Any CPU
		{7F1BC529-39DD-40A2-BBCD-F7357DDDBB76}.Debug|Any CPU.Build.0 = Debug|Any CPU
		{7F1BC529-39DD-40A2-BBCD-F7357DDDBB76}.Release|Any CPU.ActiveCfg = Release|Any CPU
		{7F1BC529-39DD-40A2-BBCD-F7357DDDBB76}.Release|Any CPU.Build.0 = Release|Any CPU
		{E9E4FEAB-F362-45AB-8A16-FB58753140E4}.Debug|Any CPU.ActiveCfg = Debug|Any CPU
		{E9E4FEAB-F362-45AB-8A16-FB58753140E4}.Debug|Any CPU.Build.0 = Debug|Any CPU
		{E9E4FEAB-F362-45AB-8A16-FB58753140E4}.Release|Any CPU.ActiveCfg = Release|Any CPU
		{E9E4FEAB-F362-45AB-8A16-FB58753140E4}.Release|Any CPU.Build.0 = Release|Any CPU
		{E9AD393A-8EB6-4494-9687-473E3E5559B3}.Debug|Any CPU.ActiveCfg = Debug|Any CPU
		{E9AD393A-8EB6-4494-9687-473E3E5559B3}.Debug|Any CPU.Build.0 = Debug|Any CPU
		{E9AD393A-8EB6-4494-9687-473E3E5559B3}.Release|Any CPU.ActiveCfg = Release|Any CPU
		{E9AD393A-8EB6-4494-9687-473E3E5559B3}.Release|Any CPU.Build.0 = Release|Any CPU
		{24B5F986-22EE-494F-8402-D9EB73C8FEC4}.Debug|Any CPU.ActiveCfg = Debug|Any CPU
		{24B5F986-22EE-494F-8402-D9EB73C8FEC4}.Debug|Any CPU.Build.0 = Debug|Any CPU
		{24B5F986-22EE-494F-8402-D9EB73C8FEC4}.Release|Any CPU.ActiveCfg = Release|Any CPU
		{24B5F986-22EE-494F-8402-D9EB73C8FEC4}.Release|Any CPU.Build.0 = Release|Any CPU
		{B6EB1DAD-65DA-4A70-9503-4F216EEB534B}.Debug|Any CPU.ActiveCfg = Debug|Any CPU
		{B6EB1DAD-65DA-4A70-9503-4F216EEB534B}.Debug|Any CPU.Build.0 = Debug|Any CPU
		{B6EB1DAD-65DA-4A70-9503-4F216EEB534B}.Release|Any CPU.ActiveCfg = Release|Any CPU
		{B6EB1DAD-65DA-4A70-9503-4F216EEB534B}.Release|Any CPU.Build.0 = Release|Any CPU
		{D8FDA76E-36A5-4A32-9000-8BE57BE8A9B0}.Debug|Any CPU.ActiveCfg = Debug|Any CPU
		{D8FDA76E-36A5-4A32-9000-8BE57BE8A9B0}.Debug|Any CPU.Build.0 = Debug|Any CPU
		{D8FDA76E-36A5-4A32-9000-8BE57BE8A9B0}.Release|Any CPU.ActiveCfg = Release|Any CPU
		{D8FDA76E-36A5-4A32-9000-8BE57BE8A9B0}.Release|Any CPU.Build.0 = Release|Any CPU
		{756DF0EB-D422-467A-B870-99BA9FB1839A}.Debug|Any CPU.ActiveCfg = Debug|Any CPU
		{756DF0EB-D422-467A-B870-99BA9FB1839A}.Debug|Any CPU.Build.0 = Debug|Any CPU
		{756DF0EB-D422-467A-B870-99BA9FB1839A}.Release|Any CPU.ActiveCfg = Release|Any CPU
		{756DF0EB-D422-467A-B870-99BA9FB1839A}.Release|Any CPU.Build.0 = Release|Any CPU
		{2483A266-EB60-47C9-AD35-A927A887FC75}.Debug|Any CPU.ActiveCfg = Debug|Any CPU
		{2483A266-EB60-47C9-AD35-A927A887FC75}.Debug|Any CPU.Build.0 = Debug|Any CPU
		{2483A266-EB60-47C9-AD35-A927A887FC75}.Release|Any CPU.ActiveCfg = Release|Any CPU
		{2483A266-EB60-47C9-AD35-A927A887FC75}.Release|Any CPU.Build.0 = Release|Any CPU
		{547D1CE5-040E-4D4B-BF85-9BE7AE0D16E7}.Debug|Any CPU.ActiveCfg = Debug|Any CPU
		{547D1CE5-040E-4D4B-BF85-9BE7AE0D16E7}.Debug|Any CPU.Build.0 = Debug|Any CPU
		{547D1CE5-040E-4D4B-BF85-9BE7AE0D16E7}.Release|Any CPU.ActiveCfg = Release|Any CPU
		{547D1CE5-040E-4D4B-BF85-9BE7AE0D16E7}.Release|Any CPU.Build.0 = Release|Any CPU
		{9DC0260B-EB85-497F-89F0-71D1A871806A}.Debug|Any CPU.ActiveCfg = Debug|Any CPU
		{9DC0260B-EB85-497F-89F0-71D1A871806A}.Debug|Any CPU.Build.0 = Debug|Any CPU
		{9DC0260B-EB85-497F-89F0-71D1A871806A}.Release|Any CPU.ActiveCfg = Release|Any CPU
		{9DC0260B-EB85-497F-89F0-71D1A871806A}.Release|Any CPU.Build.0 = Release|Any CPU
	EndGlobalSection
EndGlobal
